
Microsoft Visual Studio Solution File, Format Version 12.00
# Visual Studio Version 17
VisualStudioVersion = 17.4.33205.214
MinimumVisualStudioVersion = 10.0.40219.1
Project("{FAE04EC0-301F-11D3-BF4B-00C04F79EFBC}") = "portfolio_v3.1", "portfolio_v3.1.csproj", "{26F6DAE7-C1C5-417F-85A8-8FB12F1CDF05}"
EndProject
Global
	GlobalSection(SolutionConfigurationPlatforms) = preSolution
		Debug|Any CPU = Debug|Any CPU
		Release|Any CPU = Release|Any CPU
	EndGlobalSection
	GlobalSection(ProjectConfigurationPlatforms) = postSolution
		{26F6DAE7-C1C5-417F-85A8-8FB12F1CDF05}.Debug|Any CPU.ActiveCfg = Debug|Any CPU
		{26F6DAE7-C1C5-417F-85A8-8FB12F1CDF05}.Debug|Any CPU.Build.0 = Debug|Any CPU
		{26F6DAE7-C1C5-417F-85A8-8FB12F1CDF05}.Release|Any CPU.ActiveCfg = Release|Any CPU
		{26F6DAE7-C1C5-417F-85A8-8FB12F1CDF05}.Release|Any CPU.Build.0 = Release|Any CPU
	EndGlobalSection
	GlobalSection(SolutionProperties) = preSolution
		HideSolutionNode = FALSE
	EndGlobalSection
	GlobalSection(ExtensibilityGlobals) = postSolution
		SolutionGuid = {C2FEF3F2-7516-49F5-BA2D-F944F2260F71}
	EndGlobalSection
EndGlobal
